// !$*UTF8*$!
{
	archiveVersion = 1;
	classes = {
	};
	objectVersion = 50;
	objects = {

/* Begin PBXBuildFile section */
		32471A1825FF52070009C81C /* String+Extensions.swift in Sources */ = {isa = PBXBuildFile; fileRef = 32471A1725FF52070009C81C /* String+Extensions.swift */; };
		32C02BB725FE399E00E77353 /* DailymotionGithubUsers_Core.framework in Frameworks */ = {isa = PBXBuildFile; fileRef = 32C02BAD25FE399E00E77353 /* DailymotionGithubUsers_Core.framework */; };
		32C02BBC25FE399E00E77353 /* DailymotionGithubUsers_CoreTests.swift in Sources */ = {isa = PBXBuildFile; fileRef = 32C02BBB25FE399E00E77353 /* DailymotionGithubUsers_CoreTests.swift */; };
		32C02BBE25FE399E00E77353 /* DailymotionGithubUsers_Core.h in Headers */ = {isa = PBXBuildFile; fileRef = 32C02BB025FE399E00E77353 /* DailymotionGithubUsers_Core.h */; settings = {ATTRIBUTES = (Public, ); }; };
		32C02BCC25FE39FB00E77353 /* Core.swift in Sources */ = {isa = PBXBuildFile; fileRef = 32C02BCB25FE39FB00E77353 /* Core.swift */; };
		32C02BD225FE3C0600E77353 /* Repositories.swift in Sources */ = {isa = PBXBuildFile; fileRef = 32C02BD125FE3C0600E77353 /* Repositories.swift */; };
		32C02BDC25FE3E4000E77353 /* UsersEphemeralRepository.swift in Sources */ = {isa = PBXBuildFile; fileRef = 32C02BDB25FE3E4000E77353 /* UsersEphemeralRepository.swift */; };
		32C02BE325FE3E5600E77353 /* DailymotionGithubUsers_Networking.framework in Frameworks */ = {isa = PBXBuildFile; fileRef = 32C02BE225FE3E5600E77353 /* DailymotionGithubUsers_Networking.framework */; };
		32C02BFB25FE473300E77353 /* User.swift in Sources */ = {isa = PBXBuildFile; fileRef = 32C02BFA25FE473300E77353 /* User.swift */; };
		32C02BFF25FE4C7900E77353 /* UsersRepositoryProtocol.swift in Sources */ = {isa = PBXBuildFile; fileRef = 32C02BFE25FE4C7900E77353 /* UsersRepositoryProtocol.swift */; };
/* End PBXBuildFile section */

/* Begin PBXContainerItemProxy section */
		32C02BB825FE399E00E77353 /* PBXContainerItemProxy */ = {
			isa = PBXContainerItemProxy;
			containerPortal = 32C02BA425FE399E00E77353 /* Project object */;
			proxyType = 1;
			remoteGlobalIDString = 32C02BAC25FE399E00E77353;
			remoteInfo = DailymotionGithubUsers_Core;
		};
/* End PBXContainerItemProxy section */

/* Begin PBXFileReference section */
		32471A1725FF52070009C81C /* String+Extensions.swift */ = {isa = PBXFileReference; lastKnownFileType = sourcecode.swift; path = "String+Extensions.swift"; sourceTree = "<group>"; };
		32C02BAD25FE399E00E77353 /* DailymotionGithubUsers_Core.framework */ = {isa = PBXFileReference; explicitFileType = wrapper.framework; includeInIndex = 0; path = DailymotionGithubUsers_Core.framework; sourceTree = BUILT_PRODUCTS_DIR; };
		32C02BB025FE399E00E77353 /* DailymotionGithubUsers_Core.h */ = {isa = PBXFileReference; lastKnownFileType = sourcecode.c.h; path = DailymotionGithubUsers_Core.h; sourceTree = "<group>"; };
		32C02BB125FE399E00E77353 /* Info.plist */ = {isa = PBXFileReference; lastKnownFileType = text.plist.xml; path = Info.plist; sourceTree = "<group>"; };
		32C02BB625FE399E00E77353 /* DailymotionGithubUsers_CoreTests.xctest */ = {isa = PBXFileReference; explicitFileType = wrapper.cfbundle; includeInIndex = 0; path = DailymotionGithubUsers_CoreTests.xctest; sourceTree = BUILT_PRODUCTS_DIR; };
		32C02BBB25FE399E00E77353 /* DailymotionGithubUsers_CoreTests.swift */ = {isa = PBXFileReference; lastKnownFileType = sourcecode.swift; path = DailymotionGithubUsers_CoreTests.swift; sourceTree = "<group>"; };
		32C02BBD25FE399E00E77353 /* Info.plist */ = {isa = PBXFileReference; lastKnownFileType = text.plist.xml; path = Info.plist; sourceTree = "<group>"; };
		32C02BCB25FE39FB00E77353 /* Core.swift */ = {isa = PBXFileReference; lastKnownFileType = sourcecode.swift; path = Core.swift; sourceTree = "<group>"; };
		32C02BD125FE3C0600E77353 /* Repositories.swift */ = {isa = PBXFileReference; lastKnownFileType = sourcecode.swift; path = Repositories.swift; sourceTree = "<group>"; };
		32C02BDB25FE3E4000E77353 /* UsersEphemeralRepository.swift */ = {isa = PBXFileReference; lastKnownFileType = sourcecode.swift; path = UsersEphemeralRepository.swift; sourceTree = "<group>"; };
		32C02BE225FE3E5600E77353 /* DailymotionGithubUsers_Networking.framework */ = {isa = PBXFileReference; explicitFileType = wrapper.framework; path = DailymotionGithubUsers_Networking.framework; sourceTree = BUILT_PRODUCTS_DIR; };
		32C02BFA25FE473300E77353 /* User.swift */ = {isa = PBXFileReference; lastKnownFileType = sourcecode.swift; path = User.swift; sourceTree = "<group>"; };
		32C02BFE25FE4C7900E77353 /* UsersRepositoryProtocol.swift */ = {isa = PBXFileReference; lastKnownFileType = sourcecode.swift; path = UsersRepositoryProtocol.swift; sourceTree = "<group>"; };
/* End PBXFileReference section */

/* Begin PBXFrameworksBuildPhase section */
		32C02BAA25FE399E00E77353 /* Frameworks */ = {
			isa = PBXFrameworksBuildPhase;
			buildActionMask = 2147483647;
			files = (
				32C02BE325FE3E5600E77353 /* DailymotionGithubUsers_Networking.framework in Frameworks */,
			);
			runOnlyForDeploymentPostprocessing = 0;
		};
		32C02BB325FE399E00E77353 /* Frameworks */ = {
			isa = PBXFrameworksBuildPhase;
			buildActionMask = 2147483647;
			files = (
				32C02BB725FE399E00E77353 /* DailymotionGithubUsers_Core.framework in Frameworks */,
			);
			runOnlyForDeploymentPostprocessing = 0;
		};
/* End PBXFrameworksBuildPhase section */

/* Begin PBXGroup section */
		32471A1625FF51F70009C81C /* Extensions */ = {
			isa = PBXGroup;
			children = (
				32471A1725FF52070009C81C /* String+Extensions.swift */,
			);
			path = Extensions;
			sourceTree = "<group>";
		};
		32C02BA325FE399E00E77353 = {
			isa = PBXGroup;
			children = (
				32C02BAF25FE399E00E77353 /* DailymotionGithubUsers_Core */,
				32C02BBA25FE399E00E77353 /* DailymotionGithubUsers_CoreTests */,
				32C02BAE25FE399E00E77353 /* Products */,
				32C02BE125FE3E5600E77353 /* Frameworks */,
			);
			sourceTree = "<group>";
		};
		32C02BAE25FE399E00E77353 /* Products */ = {
			isa = PBXGroup;
			children = (
				32C02BAD25FE399E00E77353 /* DailymotionGithubUsers_Core.framework */,
				32C02BB625FE399E00E77353 /* DailymotionGithubUsers_CoreTests.xctest */,
			);
			name = Products;
			sourceTree = "<group>";
		};
		32C02BAF25FE399E00E77353 /* DailymotionGithubUsers_Core */ = {
			isa = PBXGroup;
			children = (
				32471A1625FF51F70009C81C /* Extensions */,
				32C02BF925FE471700E77353 /* Models */,
				32C02BD925FE3DB400E77353 /* Repositories */,
				32C02BCB25FE39FB00E77353 /* Core.swift */,
				32C02BD125FE3C0600E77353 /* Repositories.swift */,
				32C02BB025FE399E00E77353 /* DailymotionGithubUsers_Core.h */,
				32C02BB125FE399E00E77353 /* Info.plist */,
			);
			path = DailymotionGithubUsers_Core;
			sourceTree = "<group>";
		};
		32C02BBA25FE399E00E77353 /* DailymotionGithubUsers_CoreTests */ = {
			isa = PBXGroup;
			children = (
				32C02BBB25FE399E00E77353 /* DailymotionGithubUsers_CoreTests.swift */,
				32C02BBD25FE399E00E77353 /* Info.plist */,
			);
			path = DailymotionGithubUsers_CoreTests;
			sourceTree = "<group>";
		};
		32C02BD925FE3DB400E77353 /* Repositories */ = {
			isa = PBXGroup;
			children = (
				32C02BFE25FE4C7900E77353 /* UsersRepositoryProtocol.swift */,
				32C02BDA25FE3DC000E77353 /* Ephemeral */,
			);
			path = Repositories;
			sourceTree = "<group>";
		};
		32C02BDA25FE3DC000E77353 /* Ephemeral */ = {
			isa = PBXGroup;
			children = (
				32C02BDB25FE3E4000E77353 /* UsersEphemeralRepository.swift */,
			);
			path = Ephemeral;
			sourceTree = "<group>";
		};
		32C02BE125FE3E5600E77353 /* Frameworks */ = {
			isa = PBXGroup;
			children = (
				32C02BE225FE3E5600E77353 /* DailymotionGithubUsers_Networking.framework */,
			);
			name = Frameworks;
			sourceTree = "<group>";
		};
		32C02BF925FE471700E77353 /* Models */ = {
			isa = PBXGroup;
			children = (
				32C02BFA25FE473300E77353 /* User.swift */,
			);
			path = Models;
			sourceTree = "<group>";
		};
/* End PBXGroup section */

/* Begin PBXHeadersBuildPhase section */
		32C02BA825FE399E00E77353 /* Headers */ = {
			isa = PBXHeadersBuildPhase;
			buildActionMask = 2147483647;
			files = (
				32C02BBE25FE399E00E77353 /* DailymotionGithubUsers_Core.h in Headers */,
			);
			runOnlyForDeploymentPostprocessing = 0;
		};
/* End PBXHeadersBuildPhase section */

/* Begin PBXNativeTarget section */
		32C02BAC25FE399E00E77353 /* DailymotionGithubUsers_Core */ = {
			isa = PBXNativeTarget;
			buildConfigurationList = 32C02BC125FE399E00E77353 /* Build configuration list for PBXNativeTarget "DailymotionGithubUsers_Core" */;
			buildPhases = (
				32C02BA825FE399E00E77353 /* Headers */,
				32C02BA925FE399E00E77353 /* Sources */,
				32C02BAA25FE399E00E77353 /* Frameworks */,
				32C02BAB25FE399E00E77353 /* Resources */,
			);
			buildRules = (
			);
			dependencies = (
			);
			name = DailymotionGithubUsers_Core;
			productName = DailymotionGithubUsers_Core;
			productReference = 32C02BAD25FE399E00E77353 /* DailymotionGithubUsers_Core.framework */;
			productType = "com.apple.product-type.framework";
		};
		32C02BB525FE399E00E77353 /* DailymotionGithubUsers_CoreTests */ = {
			isa = PBXNativeTarget;
			buildConfigurationList = 32C02BC425FE399E00E77353 /* Build configuration list for PBXNativeTarget "DailymotionGithubUsers_CoreTests" */;
			buildPhases = (
				32C02BB225FE399E00E77353 /* Sources */,
				32C02BB325FE399E00E77353 /* Frameworks */,
				32C02BB425FE399E00E77353 /* Resources */,
			);
			buildRules = (
			);
			dependencies = (
				32C02BB925FE399E00E77353 /* PBXTargetDependency */,
			);
			name = DailymotionGithubUsers_CoreTests;
			productName = DailymotionGithubUsers_CoreTests;
			productReference = 32C02BB625FE399E00E77353 /* DailymotionGithubUsers_CoreTests.xctest */;
			productType = "com.apple.product-type.bundle.unit-test";
		};
/* End PBXNativeTarget section */

/* Begin PBXProject section */
		32C02BA425FE399E00E77353 /* Project object */ = {
			isa = PBXProject;
			attributes = {
				LastSwiftUpdateCheck = 1240;
				LastUpgradeCheck = 1240;
				TargetAttributes = {
					32C02BAC25FE399E00E77353 = {
						CreatedOnToolsVersion = 12.4;
						LastSwiftMigration = 1240;
					};
					32C02BB525FE399E00E77353 = {
						CreatedOnToolsVersion = 12.4;
					};
				};
			};
			buildConfigurationList = 32C02BA725FE399E00E77353 /* Build configuration list for PBXProject "DailymotionGithubUsers_Core" */;
			compatibilityVersion = "Xcode 9.3";
			developmentRegion = en;
			hasScannedForEncodings = 0;
			knownRegions = (
				en,
				Base,
			);
			mainGroup = 32C02BA325FE399E00E77353;
			productRefGroup = 32C02BAE25FE399E00E77353 /* Products */;
			projectDirPath = "";
			projectRoot = "";
			targets = (
				32C02BAC25FE399E00E77353 /* DailymotionGithubUsers_Core */,
				32C02BB525FE399E00E77353 /* DailymotionGithubUsers_CoreTests */,
			);
		};
/* End PBXProject section */

/* Begin PBXResourcesBuildPhase section */
		32C02BAB25FE399E00E77353 /* Resources */ = {
			isa = PBXResourcesBuildPhase;
			buildActionMask = 2147483647;
			files = (
			);
			runOnlyForDeploymentPostprocessing = 0;
		};
		32C02BB425FE399E00E77353 /* Resources */ = {
			isa = PBXResourcesBuildPhase;
			buildActionMask = 2147483647;
			files = (
			);
			runOnlyForDeploymentPostprocessing = 0;
		};
/* End PBXResourcesBuildPhase section */

/* Begin PBXSourcesBuildPhase section */
		32C02BA925FE399E00E77353 /* Sources */ = {
			isa = PBXSourcesBuildPhase;
			buildActionMask = 2147483647;
			files = (
				32C02BFB25FE473300E77353 /* User.swift in Sources */,
				32C02BDC25FE3E4000E77353 /* UsersEphemeralRepository.swift in Sources */,
				32C02BCC25FE39FB00E77353 /* Core.swift in Sources */,
				32C02BFF25FE4C7900E77353 /* UsersRepositoryProtocol.swift in Sources */,
				32471A1825FF52070009C81C /* String+Extensions.swift in Sources */,
				32C02BD225FE3C0600E77353 /* Repositories.swift in Sources */,
			);
			runOnlyForDeploymentPostprocessing = 0;
		};
		32C02BB225FE399E00E77353 /* Sources */ = {
			isa = PBXSourcesBuildPhase;
			buildActionMask = 2147483647;
			files = (
				32C02BBC25FE399E00E77353 /* DailymotionGithubUsers_CoreTests.swift in Sources */,
			);
			runOnlyForDeploymentPostprocessing = 0;
		};
/* End PBXSourcesBuildPhase section */

/* Begin PBXTargetDependency section */
		32C02BB925FE399E00E77353 /* PBXTargetDependency */ = {
			isa = PBXTargetDependency;
			target = 32C02BAC25FE399E00E77353 /* DailymotionGithubUsers_Core */;
			targetProxy = 32C02BB825FE399E00E77353 /* PBXContainerItemProxy */;
		};
/* End PBXTargetDependency section */

/* Begin XCBuildConfiguration section */
		32C02BBF25FE399E00E77353 /* Debug */ = {
			isa = XCBuildConfiguration;
			buildSettings = {
				ALWAYS_SEARCH_USER_PATHS = NO;
				CLANG_ANALYZER_NONNULL = YES;
				CLANG_ANALYZER_NUMBER_OBJECT_CONVERSION = YES_AGGRESSIVE;
				CLANG_CXX_LANGUAGE_STANDARD = "gnu++14";
				CLANG_CXX_LIBRARY = "libc++";
				CLANG_ENABLE_MODULES = YES;
				CLANG_ENABLE_OBJC_ARC = YES;
				CLANG_ENABLE_OBJC_WEAK = YES;
				CLANG_WARN_BLOCK_CAPTURE_AUTORELEASING = YES;
				CLANG_WARN_BOOL_CONVERSION = YES;
				CLANG_WARN_COMMA = YES;
				CLANG_WARN_CONSTANT_CONVERSION = YES;
				CLANG_WARN_DEPRECATED_OBJC_IMPLEMENTATIONS = YES;
				CLANG_WARN_DIRECT_OBJC_ISA_USAGE = YES_ERROR;
				CLANG_WARN_DOCUMENTATION_COMMENTS = YES;
				CLANG_WARN_EMPTY_BODY = YES;
				CLANG_WARN_ENUM_CONVERSION = YES;
				CLANG_WARN_INFINITE_RECURSION = YES;
				CLANG_WARN_INT_CONVERSION = YES;
				CLANG_WARN_NON_LITERAL_NULL_CONVERSION = YES;
				CLANG_WARN_OBJC_IMPLICIT_RETAIN_SELF = YES;
				CLANG_WARN_OBJC_LITERAL_CONVERSION = YES;
				CLANG_WARN_OBJC_ROOT_CLASS = YES_ERROR;
				CLANG_WARN_QUOTED_INCLUDE_IN_FRAMEWORK_HEADER = YES;
				CLANG_WARN_RANGE_LOOP_ANALYSIS = YES;
				CLANG_WARN_STRICT_PROTOTYPES = YES;
				CLANG_WARN_SUSPICIOUS_MOVE = YES;
				CLANG_WARN_UNGUARDED_AVAILABILITY = YES_AGGRESSIVE;
				CLANG_WARN_UNREACHABLE_CODE = YES;
				CLANG_WARN__DUPLICATE_METHOD_MATCH = YES;
				COPY_PHASE_STRIP = NO;
				CURRENT_PROJECT_VERSION = 1;
				DEBUG_INFORMATION_FORMAT = dwarf;
				ENABLE_STRICT_OBJC_MSGSEND = YES;
				ENABLE_TESTABILITY = YES;
				GCC_C_LANGUAGE_STANDARD = gnu11;
				GCC_DYNAMIC_NO_PIC = NO;
				GCC_NO_COMMON_BLOCKS = YES;
				GCC_OPTIMIZATION_LEVEL = 0;
				GCC_PREPROCESSOR_DEFINITIONS = (
					"DEBUG=1",
					"$(inherited)",
				);
				GCC_WARN_64_TO_32_BIT_CONVERSION = YES;
				GCC_WARN_ABOUT_RETURN_TYPE = YES_ERROR;
				GCC_WARN_UNDECLARED_SELECTOR = YES;
				GCC_WARN_UNINITIALIZED_AUTOS = YES_AGGRESSIVE;
				GCC_WARN_UNUSED_FUNCTION = YES;
				GCC_WARN_UNUSED_VARIABLE = YES;
				IPHONEOS_DEPLOYMENT_TARGET = 10.0;
				MTL_ENABLE_DEBUG_INFO = INCLUDE_SOURCE;
				MTL_FAST_MATH = YES;
				ONLY_ACTIVE_ARCH = YES;
				SDKROOT = iphoneos;
				SWIFT_ACTIVE_COMPILATION_CONDITIONS = DEBUG;
				SWIFT_OPTIMIZATION_LEVEL = "-Onone";
				VERSIONING_SYSTEM = "apple-generic";
				VERSION_INFO_PREFIX = "";
			};
			name = Debug;
		};
		32C02BC025FE399E00E77353 /* Release */ = {
			isa = XCBuildConfiguration;
			buildSettings = {
				ALWAYS_SEARCH_USER_PATHS = NO;
				CLANG_ANALYZER_NONNULL = YES;
				CLANG_ANALYZER_NUMBER_OBJECT_CONVERSION = YES_AGGRESSIVE;
				CLANG_CXX_LANGUAGE_STANDARD = "gnu++14";
				CLANG_CXX_LIBRARY = "libc++";
				CLANG_ENABLE_MODULES = YES;
				CLANG_ENABLE_OBJC_ARC = YES;
				CLANG_ENABLE_OBJC_WEAK = YES;
				CLANG_WARN_BLOCK_CAPTURE_AUTORELEASING = YES;
				CLANG_WARN_BOOL_CONVERSION = YES;
				CLANG_WARN_COMMA = YES;
				CLANG_WARN_CONSTANT_CONVERSION = YES;
				CLANG_WARN_DEPRECATED_OBJC_IMPLEMENTATIONS = YES;
				CLANG_WARN_DIRECT_OBJC_ISA_USAGE = YES_ERROR;
				CLANG_WARN_DOCUMENTATION_COMMENTS = YES;
				CLANG_WARN_EMPTY_BODY = YES;
				CLANG_WARN_ENUM_CONVERSION = YES;
				CLANG_WARN_INFINITE_RECURSION = YES;
				CLANG_WARN_INT_CONVERSION = YES;
				CLANG_WARN_NON_LITERAL_NULL_CONVERSION = YES;
				CLANG_WARN_OBJC_IMPLICIT_RETAIN_SELF = YES;
				CLANG_WARN_OBJC_LITERAL_CONVERSION = YES;
				CLANG_WARN_OBJC_ROOT_CLASS = YES_ERROR;
				CLANG_WARN_QUOTED_INCLUDE_IN_FRAMEWORK_HEADER = YES;
				CLANG_WARN_RANGE_LOOP_ANALYSIS = YES;
				CLANG_WARN_STRICT_PROTOTYPES = YES;
				CLANG_WARN_SUSPICIOUS_MOVE = YES;
				CLANG_WARN_UNGUARDED_AVAILABILITY = YES_AGGRESSIVE;
				CLANG_WARN_UNREACHABLE_CODE = YES;
				CLANG_WARN__DUPLICATE_METHOD_MATCH = YES;
				COPY_PHASE_STRIP = NO;
				CURRENT_PROJECT_VERSION = 1;
				DEBUG_INFORMATION_FORMAT = "dwarf-with-dsym";
				ENABLE_NS_ASSERTIONS = NO;
				ENABLE_STRICT_OBJC_MSGSEND = YES;
				GCC_C_LANGUAGE_STANDARD = gnu11;
				GCC_NO_COMMON_BLOCKS = YES;
				GCC_WARN_64_TO_32_BIT_CONVERSION = YES;
				GCC_WARN_ABOUT_RETURN_TYPE = YES_ERROR;
				GCC_WARN_UNDECLARED_SELECTOR = YES;
				GCC_WARN_UNINITIALIZED_AUTOS = YES_AGGRESSIVE;
				GCC_WARN_UNUSED_FUNCTION = YES;
				GCC_WARN_UNUSED_VARIABLE = YES;
				IPHONEOS_DEPLOYMENT_TARGET = 10.0;
				MTL_ENABLE_DEBUG_INFO = NO;
				MTL_FAST_MATH = YES;
				SDKROOT = iphoneos;
				SWIFT_COMPILATION_MODE = wholemodule;
				SWIFT_OPTIMIZATION_LEVEL = "-O";
				VALIDATE_PRODUCT = YES;
				VERSIONING_SYSTEM = "apple-generic";
				VERSION_INFO_PREFIX = "";
			};
			name = Release;
		};
		32C02BC225FE399E00E77353 /* Debug */ = {
			isa = XCBuildConfiguration;
			buildSettings = {
				CLANG_ENABLE_MODULES = YES;
				CODE_SIGN_STYLE = Automatic;
				DEFINES_MODULE = YES;
				DEVELOPMENT_TEAM = 49QRSQXN7X;
				DYLIB_COMPATIBILITY_VERSION = 1;
				DYLIB_CURRENT_VERSION = 1;
				DYLIB_INSTALL_NAME_BASE = "@rpath";
				INFOPLIST_FILE = DailymotionGithubUsers_Core/Info.plist;
				INSTALL_PATH = "$(LOCAL_LIBRARY_DIR)/Frameworks";
				LD_RUNPATH_SEARCH_PATHS = (
					"$(inherited)",
					"@executable_path/Frameworks",
					"@loader_path/Frameworks",
				);
				PRODUCT_BUNDLE_IDENTIFIER = com.ak.dailymotiongithubusers.core;
				PRODUCT_NAME = "$(TARGET_NAME:c99extidentifier)";
				SKIP_INSTALL = YES;
				SUPPORTS_MACCATALYST = NO;
				SWIFT_OPTIMIZATION_LEVEL = "-Onone";
				SWIFT_VERSION = 5.0;
				TARGETED_DEVICE_FAMILY = "1,2";
			};
			name = Debug;
		};
		32C02BC325FE399E00E77353 /* Release */ = {
			isa = XCBuildConfiguration;
			buildSettings = {
				CLANG_ENABLE_MODULES = YES;
				CODE_SIGN_STYLE = Automatic;
				DEFINES_MODULE = YES;
				DEVELOPMENT_TEAM = 49QRSQXN7X;
				DYLIB_COMPATIBILITY_VERSION = 1;
				DYLIB_CURRENT_VERSION = 1;
				DYLIB_INSTALL_NAME_BASE = "@rpath";
				INFOPLIST_FILE = DailymotionGithubUsers_Core/Info.plist;
				INSTALL_PATH = "$(LOCAL_LIBRARY_DIR)/Frameworks";
				LD_RUNPATH_SEARCH_PATHS = (
					"$(inherited)",
					"@executable_path/Frameworks",
					"@loader_path/Frameworks",
				);
				PRODUCT_BUNDLE_IDENTIFIER = com.ak.dailymotiongithubusers.core;
				PRODUCT_NAME = "$(TARGET_NAME:c99extidentifier)";
				SKIP_INSTALL = YES;
				SUPPORTS_MACCATALYST = NO;
				SWIFT_VERSION = 5.0;
				TARGETED_DEVICE_FAMILY = "1,2";
			};
			name = Release;
		};
		32C02BC525FE399E00E77353 /* Debug */ = {
			isa = XCBuildConfiguration;
			buildSettings = {
				ALWAYS_EMBED_SWIFT_STANDARD_LIBRARIES = YES;
				CODE_SIGN_STYLE = Automatic;
				DEVELOPMENT_TEAM = 49QRSQXN7X;
				INFOPLIST_FILE = DailymotionGithubUsers_CoreTests/Info.plist;
				LD_RUNPATH_SEARCH_PATHS = (
					"$(inherited)",
					"@executable_path/Frameworks",
					"@loader_path/Frameworks",
				);
				PRODUCT_BUNDLE_IDENTIFIER = "com.ak.DailymotionGithubUsers-CoreTests";
				PRODUCT_NAME = "$(TARGET_NAME)";
				SWIFT_VERSION = 5.0;
				TARGETED_DEVICE_FAMILY = "1,2";
			};
			name = Debug;
		};
		32C02BC625FE399E00E77353 /* Release */ = {
			isa = XCBuildConfiguration;
			buildSettings = {
				ALWAYS_EMBED_SWIFT_STANDARD_LIBRARIES = YES;
				CODE_SIGN_STYLE = Automatic;
				DEVELOPMENT_TEAM = 49QRSQXN7X;
				INFOPLIST_FILE = DailymotionGithubUsers_CoreTests/Info.plist;
				LD_RUNPATH_SEARCH_PATHS = (
					"$(inherited)",
					"@executable_path/Frameworks",
					"@loader_path/Frameworks",
				);
				PRODUCT_BUNDLE_IDENTIFIER = "com.ak.DailymotionGithubUsers-CoreTests";
				PRODUCT_NAME = "$(TARGET_NAME)";
				SWIFT_VERSION = 5.0;
				TARGETED_DEVICE_FAMILY = "1,2";
			};
			name = Release;
		};
/* End XCBuildConfiguration section */

/* Begin XCConfigurationList section */
		32C02BA725FE399E00E77353 /* Build configuration list for PBXProject "DailymotionGithubUsers_Core" */ = {
			isa = XCConfigurationList;
			buildConfigurations = (
				32C02BBF25FE399E00E77353 /* Debug */,
				32C02BC025FE399E00E77353 /* Release */,
			);
			defaultConfigurationIsVisible = 0;
			defaultConfigurationName = Release;
		};
		32C02BC125FE399E00E77353 /* Build configuration list for PBXNativeTarget "DailymotionGithubUsers_Core" */ = {
			isa = XCConfigurationList;
			buildConfigurations = (
				32C02BC225FE399E00E77353 /* Debug */,
				32C02BC325FE399E00E77353 /* Release */,
			);
			defaultConfigurationIsVisible = 0;
			defaultConfigurationName = Release;
		};
		32C02BC425FE399E00E77353 /* Build configuration list for PBXNativeTarget "DailymotionGithubUsers_CoreTests" */ = {
			isa = XCConfigurationList;
			buildConfigurations = (
				32C02BC525FE399E00E77353 /* Debug */,
				32C02BC625FE399E00E77353 /* Release */,
			);
			defaultConfigurationIsVisible = 0;
			defaultConfigurationName = Release;
		};
/* End XCConfigurationList section */
	};
	rootObject = 32C02BA425FE399E00E77353 /* Project object */;
}
